
Microsoft Visual Studio Solution File, Format Version 12.00
# Visual Studio Version 17
VisualStudioVersion = 17.4.33213.308
MinimumVisualStudioVersion = 10.0.40219.1
Project("{9A19103F-16F7-4668-BE54-9A1E7A4F7556}") = "AdventureWorksBlazorUI", "AdventureWorksBlazorUI\AdventureWorksBlazorUI.csproj", "{1558B259-0CAD-4259-A625-085F3A22BA8A}"
EndProject
Project("{9A19103F-16F7-4668-BE54-9A1E7A4F7556}") = "AdventureWorksBlazorClassLibrary", "AdventureWorksBlazorClassLibrary\AdventureWorksBlazorClassLibrary.csproj", "{38B382FC-6FC4-4E9A-BBE9-55C6C41F9A20}"
EndProject
Global
	GlobalSection(SolutionConfigurationPlatforms) = preSolution
		Debug|Any CPU = Debug|Any CPU
		Release|Any CPU = Release|Any CPU
	EndGlobalSection
	GlobalSection(ProjectConfigurationPlatforms) = postSolution
		{1558B259-0CAD-4259-A625-085F3A22BA8A}.Debug|Any CPU.ActiveCfg = Debug|Any CPU
		{1558B259-0CAD-4259-A625-085F3A22BA8A}.Debug|Any CPU.Build.0 = Debug|Any CPU
		{1558B259-0CAD-4259-A625-085F3A22BA8A}.Release|Any CPU.ActiveCfg = Release|Any CPU
		{1558B259-0CAD-4259-A625-085F3A22BA8A}.Release|Any CPU.Build.0 = Release|Any CPU
		{38B382FC-6FC4-4E9A-BBE9-55C6C41F9A20}.Debug|Any CPU.ActiveCfg = Debug|Any CPU
		{38B382FC-6FC4-4E9A-BBE9-55C6C41F9A20}.Debug|Any CPU.Build.0 = Debug|Any CPU
		{38B382FC-6FC4-4E9A-BBE9-55C6C41F9A20}.Release|Any CPU.ActiveCfg = Release|Any CPU
		{38B382FC-6FC4-4E9A-BBE9-55C6C41F9A20}.Release|Any CPU.Build.0 = Release|Any CPU
	EndGlobalSection
	GlobalSection(SolutionProperties) = preSolution
		HideSolutionNode = FALSE
	EndGlobalSection
	GlobalSection(ExtensibilityGlobals) = postSolution
		SolutionGuid = {711C80F3-77E0-4D08-A7F9-6D717F0DB4D9}
	EndGlobalSection
EndGlobal
